
Microsoft Visual Studio Solution File, Format Version 12.00
# Visual Studio 15
VisualStudioVersion = 15.0.26730.15
MinimumVisualStudioVersion = 10.0.40219.1
Project("{9A19103F-16F7-4668-BE54-9A1E7A4F7556}") = "WLPhoneBook.Library", "WLPhoneBook.Library\WLPhoneBook.Library.csproj", "{D96812B8-6DA6-4904-9EA9-55F3D0AB7C3B}"
EndProject
Project("{9A19103F-16F7-4668-BE54-9A1E7A4F7556}") = "WLPhoneBook.CLI", "WLPhoneBook.CLI\WLPhoneBook.CLI.csproj", "{DF1C142B-B516-46C7-BC7F-13CD5920113E}"
EndProject
Project("{FAE04EC0-301F-11D3-BF4B-00C04F79EFBC}") = "WLPhoneBook.WPF", "WLPhoneBook.WPF\WLPhoneBook.WPF.csproj", "{D3F336C6-9D18-4AF1-AED5-62543D8F7C22}"
EndProject
Global
	GlobalSection(SolutionConfigurationPlatforms) = preSolution
		Ad-Hoc|Any CPU = Ad-Hoc|Any CPU
		Ad-Hoc|iPhone = Ad-Hoc|iPhone
		Ad-Hoc|iPhoneSimulator = Ad-Hoc|iPhoneSimulator
		AppStore|Any CPU = AppStore|Any CPU
		AppStore|iPhone = AppStore|iPhone
		AppStore|iPhoneSimulator = AppStore|iPhoneSimulator
		Debug|Any CPU = Debug|Any CPU
		Debug|iPhone = Debug|iPhone
		Debug|iPhoneSimulator = Debug|iPhoneSimulator
		Release|Any CPU = Release|Any CPU
		Release|iPhone = Release|iPhone
		Release|iPhoneSimulator = Release|iPhoneSimulator
	EndGlobalSection
	GlobalSection(ProjectConfigurationPlatforms) = postSolution
		{D96812B8-6DA6-4904-9EA9-55F3D0AB7C3B}.Ad-Hoc|Any CPU.ActiveCfg = Release|Any CPU
		{D96812B8-6DA6-4904-9EA9-55F3D0AB7C3B}.Ad-Hoc|Any CPU.Build.0 = Release|Any CPU
		{D96812B8-6DA6-4904-9EA9-55F3D0AB7C3B}.Ad-Hoc|iPhone.ActiveCfg = Release|Any CPU
		{D96812B8-6DA6-4904-9EA9-55F3D0AB7C3B}.Ad-Hoc|iPhone.Build.0 = Release|Any CPU
		{D96812B8-6DA6-4904-9EA9-55F3D0AB7C3B}.Ad-Hoc|iPhoneSimulator.ActiveCfg = Release|Any CPU
		{D96812B8-6DA6-4904-9EA9-55F3D0AB7C3B}.Ad-Hoc|iPhoneSimulator.Build.0 = Release|Any CPU
		{D96812B8-6DA6-4904-9EA9-55F3D0AB7C3B}.AppStore|Any CPU.ActiveCfg = Release|Any CPU
		{D96812B8-6DA6-4904-9EA9-55F3D0AB7C3B}.AppStore|Any CPU.Build.0 = Release|Any CPU
		{D96812B8-6DA6-4904-9EA9-55F3D0AB7C3B}.AppStore|iPhone.ActiveCfg = Release|Any CPU
		{D96812B8-6DA6-4904-9EA9-55F3D0AB7C3B}.AppStore|iPhone.Build.0 = Release|Any CPU
		{D96812B8-6DA6-4904-9EA9-55F3D0AB7C3B}.AppStore|iPhoneSimulator.ActiveCfg = Release|Any CPU
		{D96812B8-6DA6-4904-9EA9-55F3D0AB7C3B}.AppStore|iPhoneSimulator.Build.0 = Release|Any CPU
		{D96812B8-6DA6-4904-9EA9-55F3D0AB7C3B}.Debug|Any CPU.ActiveCfg = Debug|Any CPU
		{D96812B8-6DA6-4904-9EA9-55F3D0AB7C3B}.Debug|Any CPU.Build.0 = Debug|Any CPU
		{D96812B8-6DA6-4904-9EA9-55F3D0AB7C3B}.Debug|iPhone.ActiveCfg = Debug|Any CPU
		{D96812B8-6DA6-4904-9EA9-55F3D0AB7C3B}.Debug|iPhone.Build.0 = Debug|Any CPU
		{D96812B8-6DA6-4904-9EA9-55F3D0AB7C3B}.Debug|iPhoneSimulator.ActiveCfg = Debug|Any CPU
		{D96812B8-6DA6-4904-9EA9-55F3D0AB7C3B}.Debug|iPhoneSimulator.Build.0 = Debug|Any CPU
		{D96812B8-6DA6-4904-9EA9-55F3D0AB7C3B}.Release|Any CPU.ActiveCfg = Release|Any CPU
		{D96812B8-6DA6-4904-9EA9-55F3D0AB7C3B}.Release|Any CPU.Build.0 = Release|Any CPU
		{D96812B8-6DA6-4904-9EA9-55F3D0AB7C3B}.Release|iPhone.ActiveCfg = Release|Any CPU
		{D96812B8-6DA6-4904-9EA9-55F3D0AB7C3B}.Release|iPhone.Build.0 = Release|Any CPU
		{D96812B8-6DA6-4904-9EA9-55F3D0AB7C3B}.Release|iPhoneSimulator.ActiveCfg = Release|Any CPU
		{D96812B8-6DA6-4904-9EA9-55F3D0AB7C3B}.Release|iPhoneSimulator.Build.0 = Release|Any CPU
		{DF1C142B-B516-46C7-BC7F-13CD5920113E}.Ad-Hoc|Any CPU.ActiveCfg = Release|Any CPU
		{DF1C142B-B516-46C7-BC7F-13CD5920113E}.Ad-Hoc|Any CPU.Build.0 = Release|Any CPU
		{DF1C142B-B516-46C7-BC7F-13CD5920113E}.Ad-Hoc|iPhone.ActiveCfg = Release|Any CPU
		{DF1C142B-B516-46C7-BC7F-13CD5920113E}.Ad-Hoc|iPhone.Build.0 = Release|Any CPU
		{DF1C142B-B516-46C7-BC7F-13CD5920113E}.Ad-Hoc|iPhoneSimulator.ActiveCfg = Release|Any CPU
		{DF1C142B-B516-46C7-BC7F-13CD5920113E}.Ad-Hoc|iPhoneSimulator.Build.0 = Release|Any CPU
		{DF1C142B-B516-46C7-BC7F-13CD5920113E}.AppStore|Any CPU.ActiveCfg = Release|Any CPU
		{DF1C142B-B516-46C7-BC7F-13CD5920113E}.AppStore|Any CPU.Build.0 = Release|Any CPU
		{DF1C142B-B516-46C7-BC7F-13CD5920113E}.AppStore|iPhone.ActiveCfg = Release|Any CPU
		{DF1C142B-B516-46C7-BC7F-13CD5920113E}.AppStore|iPhone.Build.0 = Release|Any CPU
		{DF1C142B-B516-46C7-BC7F-13CD5920113E}.AppStore|iPhoneSimulator.ActiveCfg = Release|Any CPU
		{DF1C142B-B516-46C7-BC7F-13CD5920113E}.AppStore|iPhoneSimulator.Build.0 = Release|Any CPU
		{DF1C142B-B516-46C7-BC7F-13CD5920113E}.Debug|Any CPU.ActiveCfg = Debug|Any CPU
		{DF1C142B-B516-46C7-BC7F-13CD5920113E}.Debug|Any CPU.Build.0 = Debug|Any CPU
		{DF1C142B-B516-46C7-BC7F-13CD5920113E}.Debug|iPhone.ActiveCfg = Debug|Any CPU
		{DF1C142B-B516-46C7-BC7F-13CD5920113E}.Debug|iPhone.Build.0 = Debug|Any CPU
		{DF1C142B-B516-46C7-BC7F-13CD5920113E}.Debug|iPhoneSimulator.ActiveCfg = Debug|Any CPU
		{DF1C142B-B516-46C7-BC7F-13CD5920113E}.Debug|iPhoneSimulator.Build.0 = Debug|Any CPU
		{DF1C142B-B516-46C7-BC7F-13CD5920113E}.Release|Any CPU.ActiveCfg = Release|Any CPU
		{DF1C142B-B516-46C7-BC7F-13CD5920113E}.Release|Any CPU.Build.0 = Release|Any CPU
		{DF1C142B-B516-46C7-BC7F-13CD5920113E}.Release|iPhone.ActiveCfg = Release|Any CPU
		{DF1C142B-B516-46C7-BC7F-13CD5920113E}.Release|iPhone.Build.0 = Release|Any CPU
		{DF1C142B-B516-46C7-BC7F-13CD5920113E}.Release|iPhoneSimulator.ActiveCfg = Release|Any CPU
		{DF1C142B-B516-46C7-BC7F-13CD5920113E}.Release|iPhoneSimulator.Build.0 = Release|Any CPU
		{D3F336C6-9D18-4AF1-AED5-62543D8F7C22}.Ad-Hoc|Any CPU.ActiveCfg = Release|Any CPU
		{D3F336C6-9D18-4AF1-AED5-62543D8F7C22}.Ad-Hoc|Any CPU.Build.0 = Release|Any CPU
		{D3F336C6-9D18-4AF1-AED5-62543D8F7C22}.Ad-Hoc|iPhone.ActiveCfg = Release|Any CPU
		{D3F336C6-9D18-4AF1-AED5-62543D8F7C22}.Ad-Hoc|iPhone.Build.0 = Release|Any CPU
		{D3F336C6-9D18-4AF1-AED5-62543D8F7C22}.Ad-Hoc|iPhoneSimulator.ActiveCfg = Release|Any CPU
		{D3F336C6-9D18-4AF1-AED5-62543D8F7C22}.Ad-Hoc|iPhoneSimulator.Build.0 = Release|Any CPU
		{D3F336C6-9D18-4AF1-AED5-62543D8F7C22}.AppStore|Any CPU.ActiveCfg = Release|Any CPU
		{D3F336C6-9D18-4AF1-AED5-62543D8F7C22}.AppStore|Any CPU.Build.0 = Release|Any CPU
		{D3F336C6-9D18-4AF1-AED5-62543D8F7C22}.AppStore|iPhone.ActiveCfg = Release|Any CPU
		{D3F336C6-9D18-4AF1-AED5-62543D8F7C22}.AppStore|iPhone.Build.0 = Release|Any CPU
		{D3F336C6-9D18-4AF1-AED5-62543D8F7C22}.AppStore|iPhoneSimulator.ActiveCfg = Release|Any CPU
		{D3F336C6-9D18-4AF1-AED5-62543D8F7C22}.AppStore|iPhoneSimulator.Build.0 = Release|Any CPU
		{D3F336C6-9D18-4AF1-AED5-62543D8F7C22}.Debug|Any CPU.ActiveCfg = Debug|Any CPU
		{D3F336C6-9D18-4AF1-AED5-62543D8F7C22}.Debug|Any CPU.Build.0 = Debug|Any CPU
		{D3F336C6-9D18-4AF1-AED5-62543D8F7C22}.Debug|iPhone.ActiveCfg = Debug|Any CPU
		{D3F336C6-9D18-4AF1-AED5-62543D8F7C22}.Debug|iPhone.Build.0 = Debug|Any CPU
		{D3F336C6-9D18-4AF1-AED5-62543D8F7C22}.Debug|iPhoneSimulator.ActiveCfg = Debug|Any CPU
		{D3F336C6-9D18-4AF1-AED5-62543D8F7C22}.Debug|iPhoneSimulator.Build.0 = Debug|Any CPU
		{D3F336C6-9D18-4AF1-AED5-62543D8F7C22}.Release|Any CPU.ActiveCfg = Release|Any CPU
		{D3F336C6-9D18-4AF1-AED5-62543D8F7C22}.Release|Any CPU.Build.0 = Release|Any CPU
		{D3F336C6-9D18-4AF1-AED5-62543D8F7C22}.Release|iPhone.ActiveCfg = Release|Any CPU
		{D3F336C6-9D18-4AF1-AED5-62543D8F7C22}.Release|iPhone.Build.0 = Release|Any CPU
		{D3F336C6-9D18-4AF1-AED5-62543D8F7C22}.Release|iPhoneSimulator.ActiveCfg = Release|Any CPU
		{D3F336C6-9D18-4AF1-AED5-62543D8F7C22}.Release|iPhoneSimulator.Build.0 = Release|Any CPU
	EndGlobalSection
	GlobalSection(SolutionProperties) = preSolution
		HideSolutionNode = FALSE
	EndGlobalSection
	GlobalSection(ExtensibilityGlobals) = postSolution
		SolutionGuid = {5098E8AB-2C99-42FD-86F0-1562B7CFCF9C}
	EndGlobalSection
EndGlobal
